
Microsoft Visual Studio Solution File, Format Version 12.00
# Visual Studio Version 16
VisualStudioVersion = 16.0.30709.64
MinimumVisualStudioVersion = 10.0.40219.1
Project("{9A19103F-16F7-4668-BE54-9A1E7A4F7556}") = "AoC-Day7", "AoC-Day7\AoC-Day7.csproj", "{CB4741E8-DE42-4341-B5B8-320CAD12624B}"
EndProject
Project("{9A19103F-16F7-4668-BE54-9A1E7A4F7556}") = "AoC-Day7.Tests", "Day7.Tests\AoC-Day7.Tests.csproj", "{D6D9B7BF-2949-432B-A733-03D0E1A1130E}"
EndProject
Project("{2150E333-8FDC-42A3-9474-1A3956D46DE8}") = "Day7", "Day7", "{8990A191-A5CD-4CDD-830F-18C4D8B83B69}"
EndProject
Project("{2150E333-8FDC-42A3-9474-1A3956D46DE8}") = "Day6", "Day6", "{15274374-9E26-4A1F-87BB-E12883417133}"
EndProject
Project("{9A19103F-16F7-4668-BE54-9A1E7A4F7556}") = "AoC-Day6", "AoC-Day6\AoC-Day6.csproj", "{BEFA0DA0-2405-4F83-AA41-2CEB28B5BDE3}"
EndProject
Project("{9A19103F-16F7-4668-BE54-9A1E7A4F7556}") = "AoC-Day6.Tests", "AoC-Day6.Tests\AoC-Day6.Tests.csproj", "{C7B96E5A-AEE8-4A61-A27F-93E247E631CE}"
EndProject
Project("{2150E333-8FDC-42A3-9474-1A3956D46DE8}") = "AoC8", "AoC8", "{50070B91-75EB-4E12-8682-94A457A81D2E}"
EndProject
Global
	GlobalSection(SolutionConfigurationPlatforms) = preSolution
		Debug|Any CPU = Debug|Any CPU
		Release|Any CPU = Release|Any CPU
	EndGlobalSection
	GlobalSection(ProjectConfigurationPlatforms) = postSolution
		{CB4741E8-DE42-4341-B5B8-320CAD12624B}.Debug|Any CPU.ActiveCfg = Debug|Any CPU
		{CB4741E8-DE42-4341-B5B8-320CAD12624B}.Debug|Any CPU.Build.0 = Debug|Any CPU
		{CB4741E8-DE42-4341-B5B8-320CAD12624B}.Release|Any CPU.ActiveCfg = Release|Any CPU
		{CB4741E8-DE42-4341-B5B8-320CAD12624B}.Release|Any CPU.Build.0 = Release|Any CPU
		{D6D9B7BF-2949-432B-A733-03D0E1A1130E}.Debug|Any CPU.ActiveCfg = Debug|Any CPU
		{D6D9B7BF-2949-432B-A733-03D0E1A1130E}.Debug|Any CPU.Build.0 = Debug|Any CPU
		{D6D9B7BF-2949-432B-A733-03D0E1A1130E}.Release|Any CPU.ActiveCfg = Release|Any CPU
		{D6D9B7BF-2949-432B-A733-03D0E1A1130E}.Release|Any CPU.Build.0 = Release|Any CPU
		{BEFA0DA0-2405-4F83-AA41-2CEB28B5BDE3}.Debug|Any CPU.ActiveCfg = Debug|Any CPU
		{BEFA0DA0-2405-4F83-AA41-2CEB28B5BDE3}.Debug|Any CPU.Build.0 = Debug|Any CPU
		{BEFA0DA0-2405-4F83-AA41-2CEB28B5BDE3}.Release|Any CPU.ActiveCfg = Release|Any CPU
		{BEFA0DA0-2405-4F83-AA41-2CEB28B5BDE3}.Release|Any CPU.Build.0 = Release|Any CPU
		{C7B96E5A-AEE8-4A61-A27F-93E247E631CE}.Debug|Any CPU.ActiveCfg = Debug|Any CPU
		{C7B96E5A-AEE8-4A61-A27F-93E247E631CE}.Debug|Any CPU.Build.0 = Debug|Any CPU
		{C7B96E5A-AEE8-4A61-A27F-93E247E631CE}.Release|Any CPU.ActiveCfg = Release|Any CPU
		{C7B96E5A-AEE8-4A61-A27F-93E247E631CE}.Release|Any CPU.Build.0 = Release|Any CPU
	EndGlobalSection
	GlobalSection(SolutionProperties) = preSolution
		HideSolutionNode = FALSE
	EndGlobalSection
	GlobalSection(NestedProjects) = preSolution
		{CB4741E8-DE42-4341-B5B8-320CAD12624B} = {8990A191-A5CD-4CDD-830F-18C4D8B83B69}
		{D6D9B7BF-2949-432B-A733-03D0E1A1130E} = {8990A191-A5CD-4CDD-830F-18C4D8B83B69}
		{BEFA0DA0-2405-4F83-AA41-2CEB28B5BDE3} = {15274374-9E26-4A1F-87BB-E12883417133}
		{C7B96E5A-AEE8-4A61-A27F-93E247E631CE} = {15274374-9E26-4A1F-87BB-E12883417133}
	EndGlobalSection
	GlobalSection(ExtensibilityGlobals) = postSolution
		SolutionGuid = {B1BD09CB-EB23-49D6-8632-DF81CD00179D}
	EndGlobalSection
EndGlobal
